
Microsoft Visual Studio Solution File, Format Version 12.00
# Visual Studio Version 17
VisualStudioVersion = 17.11.35303.130
MinimumVisualStudioVersion = 10.0.40219.1
Project("{FAE04EC0-301F-11D3-BF4B-00C04F79EFBC}") = "LTTQ_TH4_B1", "LTTQ_TH4_B1\LTTQ_TH4_B1.csproj", "{B9B706E1-A7BB-4F30-8345-E4DD4FCC8E43}"
EndProject
Global
	GlobalSection(SolutionConfigurationPlatforms) = preSolution
		Debug|Any CPU = Debug|Any CPU
		Release|Any CPU = Release|Any CPU
	EndGlobalSection
	GlobalSection(ProjectConfigurationPlatforms) = postSolution
		{B9B706E1-A7BB-4F30-8345-E4DD4FCC8E43}.Debug|Any CPU.ActiveCfg = Debug|Any CPU
		{B9B706E1-A7BB-4F30-8345-E4DD4FCC8E43}.Debug|Any CPU.Build.0 = Debug|Any CPU
		{B9B706E1-A7BB-4F30-8345-E4DD4FCC8E43}.Release|Any CPU.ActiveCfg = Release|Any CPU
		{B9B706E1-A7BB-4F30-8345-E4DD4FCC8E43}.Release|Any CPU.Build.0 = Release|Any CPU
	EndGlobalSection
	GlobalSection(SolutionProperties) = preSolution
		HideSolutionNode = FALSE
	EndGlobalSection
	GlobalSection(ExtensibilityGlobals) = postSolution
		SolutionGuid = {EEF42625-19EA-45C7-84CF-8CF0736EDE16}
	EndGlobalSection
EndGlobal
