
Microsoft Visual Studio Solution File, Format Version 12.00
# Visual Studio Version 17
VisualStudioVersion = 17.11.35303.130
MinimumVisualStudioVersion = 10.0.40219.1
Project("{FAE04EC0-301F-11D3-BF4B-00C04F79EFBC}") = "LTTQ_TH2_BTTT_B1", "LTTQ_TH2_BTTT_B1\LTTQ_TH2_BTTT_B1.csproj", "{3BD18F83-AB59-498E-A36B-3CE7B7ABEE38}"
EndProject
Project("{FAE04EC0-301F-11D3-BF4B-00C04F79EFBC}") = "LTTQ_TH2_BTTT_B2", "LTTQ_TH2_BTTT_B2\LTTQ_TH2_BTTT_B2.csproj", "{564B5AD8-B2B2-4828-8368-D395C5E95778}"
EndProject
Global
	GlobalSection(SolutionConfigurationPlatforms) = preSolution
		Debug|Any CPU = Debug|Any CPU
		Release|Any CPU = Release|Any CPU
	EndGlobalSection
	GlobalSection(ProjectConfigurationPlatforms) = postSolution
		{3BD18F83-AB59-498E-A36B-3CE7B7ABEE38}.Debug|Any CPU.ActiveCfg = Debug|Any CPU
		{3BD18F83-AB59-498E-A36B-3CE7B7ABEE38}.Debug|Any CPU.Build.0 = Debug|Any CPU
		{3BD18F83-AB59-498E-A36B-3CE7B7ABEE38}.Release|Any CPU.ActiveCfg = Release|Any CPU
		{3BD18F83-AB59-498E-A36B-3CE7B7ABEE38}.Release|Any CPU.Build.0 = Release|Any CPU
		{564B5AD8-B2B2-4828-8368-D395C5E95778}.Debug|Any CPU.ActiveCfg = Debug|Any CPU
		{564B5AD8-B2B2-4828-8368-D395C5E95778}.Debug|Any CPU.Build.0 = Debug|Any CPU
		{564B5AD8-B2B2-4828-8368-D395C5E95778}.Release|Any CPU.ActiveCfg = Release|Any CPU
		{564B5AD8-B2B2-4828-8368-D395C5E95778}.Release|Any CPU.Build.0 = Release|Any CPU
	EndGlobalSection
	GlobalSection(SolutionProperties) = preSolution
		HideSolutionNode = FALSE
	EndGlobalSection
	GlobalSection(ExtensibilityGlobals) = postSolution
		SolutionGuid = {249C956E-AF84-43BD-99B4-42332FDBFED6}
	EndGlobalSection
EndGlobal
