
Microsoft Visual Studio Solution File, Format Version 12.00
# Visual Studio Version 17
VisualStudioVersion = 17.11.35303.130
MinimumVisualStudioVersion = 10.0.40219.1
Project("{FAE04EC0-301F-11D3-BF4B-00C04F79EFBC}") = "LTTQ_C6_BT6_5", "LTTQ_C6_BT6.5\LTTQ_C6_BT6_5.csproj", "{268E96F5-4085-49BE-A52B-9824EACEF98C}"
EndProject
Global
	GlobalSection(SolutionConfigurationPlatforms) = preSolution
		Debug|Any CPU = Debug|Any CPU
		Release|Any CPU = Release|Any CPU
	EndGlobalSection
	GlobalSection(ProjectConfigurationPlatforms) = postSolution
		{268E96F5-4085-49BE-A52B-9824EACEF98C}.Debug|Any CPU.ActiveCfg = Debug|Any CPU
		{268E96F5-4085-49BE-A52B-9824EACEF98C}.Debug|Any CPU.Build.0 = Debug|Any CPU
		{268E96F5-4085-49BE-A52B-9824EACEF98C}.Release|Any CPU.ActiveCfg = Release|Any CPU
		{268E96F5-4085-49BE-A52B-9824EACEF98C}.Release|Any CPU.Build.0 = Release|Any CPU
	EndGlobalSection
	GlobalSection(SolutionProperties) = preSolution
		HideSolutionNode = FALSE
	EndGlobalSection
	GlobalSection(ExtensibilityGlobals) = postSolution
		SolutionGuid = {B9F70488-FDE0-4F73-836C-3FD895A17D02}
	EndGlobalSection
EndGlobal
