
Microsoft Visual Studio Solution File, Format Version 12.00
# Visual Studio Version 17
VisualStudioVersion = 17.8.34525.116
MinimumVisualStudioVersion = 10.0.40219.1
Project("{FAE04EC0-301F-11D3-BF4B-00C04F79EFBC}") = "C2_SLD_B1", "C2_SLD_B1\C2_SLD_B1.csproj", "{AE5A7901-64DF-4CAF-B789-D821788BCABC}"
EndProject
Project("{FAE04EC0-301F-11D3-BF4B-00C04F79EFBC}") = "C2_SLD_B3", "C2_SLD_B3\C2_SLD_B3.csproj", "{59D29F50-41C1-420A-A73D-23FC3AE667C7}"
EndProject
Project("{FAE04EC0-301F-11D3-BF4B-00C04F79EFBC}") = "C2_OOP_B4", "C2_OOP_B4\C2_OOP_B4.csproj", "{E3E4267C-DB6A-42C3-84A0-99CC1D7DD755}"
EndProject
Project("{FAE04EC0-301F-11D3-BF4B-00C04F79EFBC}") = "C2_OOP_B5", "C2_OOP_B5\C2_OOP_B5.csproj", "{E3700D1F-D6B9-44BA-806D-7E807EB55272}"
EndProject
Project("{FAE04EC0-301F-11D3-BF4B-00C04F79EFBC}") = "C2_OOP_B6", "C2_OOP_B6\C2_OOP_B6.csproj", "{A9F50BDA-FACB-4CC2-A1EE-4FC896D9F189}"
EndProject
Global
	GlobalSection(SolutionConfigurationPlatforms) = preSolution
		Debug|Any CPU = Debug|Any CPU
		Release|Any CPU = Release|Any CPU
	EndGlobalSection
	GlobalSection(ProjectConfigurationPlatforms) = postSolution
		{AE5A7901-64DF-4CAF-B789-D821788BCABC}.Debug|Any CPU.ActiveCfg = Debug|Any CPU
		{AE5A7901-64DF-4CAF-B789-D821788BCABC}.Debug|Any CPU.Build.0 = Debug|Any CPU
		{AE5A7901-64DF-4CAF-B789-D821788BCABC}.Release|Any CPU.ActiveCfg = Release|Any CPU
		{AE5A7901-64DF-4CAF-B789-D821788BCABC}.Release|Any CPU.Build.0 = Release|Any CPU
		{59D29F50-41C1-420A-A73D-23FC3AE667C7}.Debug|Any CPU.ActiveCfg = Debug|Any CPU
		{59D29F50-41C1-420A-A73D-23FC3AE667C7}.Debug|Any CPU.Build.0 = Debug|Any CPU
		{59D29F50-41C1-420A-A73D-23FC3AE667C7}.Release|Any CPU.ActiveCfg = Release|Any CPU
		{59D29F50-41C1-420A-A73D-23FC3AE667C7}.Release|Any CPU.Build.0 = Release|Any CPU
		{E3E4267C-DB6A-42C3-84A0-99CC1D7DD755}.Debug|Any CPU.ActiveCfg = Debug|Any CPU
		{E3E4267C-DB6A-42C3-84A0-99CC1D7DD755}.Debug|Any CPU.Build.0 = Debug|Any CPU
		{E3E4267C-DB6A-42C3-84A0-99CC1D7DD755}.Release|Any CPU.ActiveCfg = Release|Any CPU
		{E3E4267C-DB6A-42C3-84A0-99CC1D7DD755}.Release|Any CPU.Build.0 = Release|Any CPU
		{E3700D1F-D6B9-44BA-806D-7E807EB55272}.Debug|Any CPU.ActiveCfg = Debug|Any CPU
		{E3700D1F-D6B9-44BA-806D-7E807EB55272}.Debug|Any CPU.Build.0 = Debug|Any CPU
		{E3700D1F-D6B9-44BA-806D-7E807EB55272}.Release|Any CPU.ActiveCfg = Release|Any CPU
		{E3700D1F-D6B9-44BA-806D-7E807EB55272}.Release|Any CPU.Build.0 = Release|Any CPU
		{A9F50BDA-FACB-4CC2-A1EE-4FC896D9F189}.Debug|Any CPU.ActiveCfg = Debug|Any CPU
		{A9F50BDA-FACB-4CC2-A1EE-4FC896D9F189}.Debug|Any CPU.Build.0 = Debug|Any CPU
		{A9F50BDA-FACB-4CC2-A1EE-4FC896D9F189}.Release|Any CPU.ActiveCfg = Release|Any CPU
		{A9F50BDA-FACB-4CC2-A1EE-4FC896D9F189}.Release|Any CPU.Build.0 = Release|Any CPU
	EndGlobalSection
	GlobalSection(SolutionProperties) = preSolution
		HideSolutionNode = FALSE
	EndGlobalSection
	GlobalSection(ExtensibilityGlobals) = postSolution
		SolutionGuid = {2DD3BA8F-A185-44BE-8D94-1BD2432291DA}
	EndGlobalSection
EndGlobal
