
Microsoft Visual Studio Solution File, Format Version 12.00
# Visual Studio Version 17
VisualStudioVersion = 17.11.35303.130
MinimumVisualStudioVersion = 10.0.40219.1
Project("{9A19103F-16F7-4668-BE54-9A1E7A4F7556}") = "TH1_BTVN_B1", "TH1_BTVN_B1\TH1_BTVN_B1.csproj", "{821E8B5E-3BCE-4585-9E1E-6E8089C99575}"
EndProject
Project("{9A19103F-16F7-4668-BE54-9A1E7A4F7556}") = "TH1_BTVN_B1_1", "TH1_BTVN_B1_1\TH1_BTVN_B1_1.csproj", "{26CDD44E-E396-44FF-A3F6-D3C634BBF02F}"
EndProject
Project("{9A19103F-16F7-4668-BE54-9A1E7A4F7556}") = "TH1_BTVN_B1_2", "TH1_BTVN_B1_2\TH1_BTVN_B1_2.csproj", "{32C467E0-5804-42A6-9418-8BDD8E511EE2}"
EndProject
Project("{FAE04EC0-301F-11D3-BF4B-00C04F79EFBC}") = "TH1_BTVN_B2", "TH1_BTVN_B2\TH1_BTVN_B2.csproj", "{70E3D3B7-536F-4656-A648-00458B73F42C}"
EndProject
Project("{FAE04EC0-301F-11D3-BF4B-00C04F79EFBC}") = "TH1_BTVN_B3", "TH1_BTVN_B3\TH1_BTVN_B3.csproj", "{63591F1C-C243-4D5A-9D92-E339AC36E282}"
EndProject
Global
	GlobalSection(SolutionConfigurationPlatforms) = preSolution
		Debug|Any CPU = Debug|Any CPU
		Release|Any CPU = Release|Any CPU
	EndGlobalSection
	GlobalSection(ProjectConfigurationPlatforms) = postSolution
		{821E8B5E-3BCE-4585-9E1E-6E8089C99575}.Debug|Any CPU.ActiveCfg = Debug|Any CPU
		{821E8B5E-3BCE-4585-9E1E-6E8089C99575}.Debug|Any CPU.Build.0 = Debug|Any CPU
		{821E8B5E-3BCE-4585-9E1E-6E8089C99575}.Release|Any CPU.ActiveCfg = Release|Any CPU
		{821E8B5E-3BCE-4585-9E1E-6E8089C99575}.Release|Any CPU.Build.0 = Release|Any CPU
		{26CDD44E-E396-44FF-A3F6-D3C634BBF02F}.Debug|Any CPU.ActiveCfg = Debug|Any CPU
		{26CDD44E-E396-44FF-A3F6-D3C634BBF02F}.Debug|Any CPU.Build.0 = Debug|Any CPU
		{26CDD44E-E396-44FF-A3F6-D3C634BBF02F}.Release|Any CPU.ActiveCfg = Release|Any CPU
		{26CDD44E-E396-44FF-A3F6-D3C634BBF02F}.Release|Any CPU.Build.0 = Release|Any CPU
		{32C467E0-5804-42A6-9418-8BDD8E511EE2}.Debug|Any CPU.ActiveCfg = Debug|Any CPU
		{32C467E0-5804-42A6-9418-8BDD8E511EE2}.Debug|Any CPU.Build.0 = Debug|Any CPU
		{32C467E0-5804-42A6-9418-8BDD8E511EE2}.Release|Any CPU.ActiveCfg = Release|Any CPU
		{32C467E0-5804-42A6-9418-8BDD8E511EE2}.Release|Any CPU.Build.0 = Release|Any CPU
		{70E3D3B7-536F-4656-A648-00458B73F42C}.Debug|Any CPU.ActiveCfg = Debug|Any CPU
		{70E3D3B7-536F-4656-A648-00458B73F42C}.Debug|Any CPU.Build.0 = Debug|Any CPU
		{70E3D3B7-536F-4656-A648-00458B73F42C}.Release|Any CPU.ActiveCfg = Release|Any CPU
		{70E3D3B7-536F-4656-A648-00458B73F42C}.Release|Any CPU.Build.0 = Release|Any CPU
		{63591F1C-C243-4D5A-9D92-E339AC36E282}.Debug|Any CPU.ActiveCfg = Debug|Any CPU
		{63591F1C-C243-4D5A-9D92-E339AC36E282}.Debug|Any CPU.Build.0 = Debug|Any CPU
		{63591F1C-C243-4D5A-9D92-E339AC36E282}.Release|Any CPU.ActiveCfg = Release|Any CPU
		{63591F1C-C243-4D5A-9D92-E339AC36E282}.Release|Any CPU.Build.0 = Release|Any CPU
	EndGlobalSection
	GlobalSection(SolutionProperties) = preSolution
		HideSolutionNode = FALSE
	EndGlobalSection
	GlobalSection(ExtensibilityGlobals) = postSolution
		SolutionGuid = {D49A4A9C-45A8-4653-9D82-9555AFBC4B7C}
	EndGlobalSection
EndGlobal
