
Microsoft Visual Studio Solution File, Format Version 12.00
# Visual Studio Version 17
VisualStudioVersion = 17.8.34525.116
MinimumVisualStudioVersion = 10.0.40219.1
Project("{FAE04EC0-301F-11D3-BF4B-00C04F79EFBC}") = "LTTQ_TH3_B3", "LTTQ_TH3_B3\LTTQ_TH3_B3.csproj", "{FF3A3E5A-F28B-4B33-AE4D-ABF3F5DE96B6}"
EndProject
Global
	GlobalSection(SolutionConfigurationPlatforms) = preSolution
		Debug|Any CPU = Debug|Any CPU
		Release|Any CPU = Release|Any CPU
	EndGlobalSection
	GlobalSection(ProjectConfigurationPlatforms) = postSolution
		{FF3A3E5A-F28B-4B33-AE4D-ABF3F5DE96B6}.Debug|Any CPU.ActiveCfg = Debug|Any CPU
		{FF3A3E5A-F28B-4B33-AE4D-ABF3F5DE96B6}.Debug|Any CPU.Build.0 = Debug|Any CPU
		{FF3A3E5A-F28B-4B33-AE4D-ABF3F5DE96B6}.Release|Any CPU.ActiveCfg = Release|Any CPU
		{FF3A3E5A-F28B-4B33-AE4D-ABF3F5DE96B6}.Release|Any CPU.Build.0 = Release|Any CPU
	EndGlobalSection
	GlobalSection(SolutionProperties) = preSolution
		HideSolutionNode = FALSE
	EndGlobalSection
	GlobalSection(ExtensibilityGlobals) = postSolution
		SolutionGuid = {C80A6A61-5BF8-4BE7-A8B6-E37021A73869}
	EndGlobalSection
EndGlobal
